
Microsoft Visual Studio Solution File, Format Version 12.00
# Visual Studio 2012
Project("{FAE04EC0-301F-11D3-BF4B-00C04F79EFBC}") = "BrewMate", "BrewMate\BrewMate.csproj", "{0513F194-E81F-4998-ACF9-26D0AE5CC043}"
EndProject
Project("{FAE04EC0-301F-11D3-BF4B-00C04F79EFBC}") = "BrewMate.iOS", "iOS\BrewMate.iOS.csproj", "{C79CA2A4-C1F6-450E-825A-F7AF00781356}"
EndProject
Project("{FAE04EC0-301F-11D3-BF4B-00C04F79EFBC}") = "BrewMate.Android", "Android\BrewMate.Android.csproj", "{B293304B-BD9B-4EA7-841A-9965B8952AB9}"
EndProject
Project("{FAE04EC0-301F-11D3-BF4B-00C04F79EFBC}") = "BrewMate_TestProject", "BrewMate_TestProject\BrewMate_TestProject.csproj", "{C00A12AB-1812-46C6-92E8-CF494239DDFD}"
EndProject
Global
	GlobalSection(SolutionConfigurationPlatforms) = preSolution
		Debug|Any CPU = Debug|Any CPU
		Release|Any CPU = Release|Any CPU
		Debug|iPhoneSimulator = Debug|iPhoneSimulator
		Release|iPhoneSimulator = Release|iPhoneSimulator
		Debug|iPhone = Debug|iPhone
		Release|iPhone = Release|iPhone
		Ad-Hoc|iPhone = Ad-Hoc|iPhone
		AppStore|iPhone = AppStore|iPhone
		Android|Mixed Platforms = Android|Mixed Platforms
	EndGlobalSection
	GlobalSection(ProjectConfigurationPlatforms) = postSolution
		{0513F194-E81F-4998-ACF9-26D0AE5CC043}.Ad-Hoc|iPhone.ActiveCfg = Debug|Any CPU
		{0513F194-E81F-4998-ACF9-26D0AE5CC043}.Ad-Hoc|iPhone.Build.0 = Debug|Any CPU
		{0513F194-E81F-4998-ACF9-26D0AE5CC043}.AppStore|iPhone.ActiveCfg = Debug|Any CPU
		{0513F194-E81F-4998-ACF9-26D0AE5CC043}.AppStore|iPhone.Build.0 = Debug|Any CPU
		{0513F194-E81F-4998-ACF9-26D0AE5CC043}.Debug|Any CPU.ActiveCfg = Debug|Any CPU
		{0513F194-E81F-4998-ACF9-26D0AE5CC043}.Debug|Any CPU.Build.0 = Debug|Any CPU
		{0513F194-E81F-4998-ACF9-26D0AE5CC043}.Debug|iPhone.ActiveCfg = Debug|Any CPU
		{0513F194-E81F-4998-ACF9-26D0AE5CC043}.Debug|iPhone.Build.0 = Debug|Any CPU
		{0513F194-E81F-4998-ACF9-26D0AE5CC043}.Debug|iPhoneSimulator.ActiveCfg = Debug|Any CPU
		{0513F194-E81F-4998-ACF9-26D0AE5CC043}.Debug|iPhoneSimulator.Build.0 = Debug|Any CPU
		{0513F194-E81F-4998-ACF9-26D0AE5CC043}.Release|Any CPU.ActiveCfg = Release|Any CPU
		{0513F194-E81F-4998-ACF9-26D0AE5CC043}.Release|Any CPU.Build.0 = Release|Any CPU
		{0513F194-E81F-4998-ACF9-26D0AE5CC043}.Release|iPhone.ActiveCfg = Release|Any CPU
		{0513F194-E81F-4998-ACF9-26D0AE5CC043}.Release|iPhone.Build.0 = Release|Any CPU
		{0513F194-E81F-4998-ACF9-26D0AE5CC043}.Release|iPhoneSimulator.ActiveCfg = Release|Any CPU
		{0513F194-E81F-4998-ACF9-26D0AE5CC043}.Release|iPhoneSimulator.Build.0 = Release|Any CPU
		{B293304B-BD9B-4EA7-841A-9965B8952AB9}.Ad-Hoc|iPhone.ActiveCfg = Debug|Any CPU
		{B293304B-BD9B-4EA7-841A-9965B8952AB9}.Ad-Hoc|iPhone.Build.0 = Debug|Any CPU
		{B293304B-BD9B-4EA7-841A-9965B8952AB9}.AppStore|iPhone.ActiveCfg = Debug|Any CPU
		{B293304B-BD9B-4EA7-841A-9965B8952AB9}.AppStore|iPhone.Build.0 = Debug|Any CPU
		{B293304B-BD9B-4EA7-841A-9965B8952AB9}.Debug|Any CPU.ActiveCfg = Debug|Any CPU
		{B293304B-BD9B-4EA7-841A-9965B8952AB9}.Debug|Any CPU.Build.0 = Debug|Any CPU
		{B293304B-BD9B-4EA7-841A-9965B8952AB9}.Debug|iPhone.ActiveCfg = Debug|Any CPU
		{B293304B-BD9B-4EA7-841A-9965B8952AB9}.Debug|iPhone.Build.0 = Debug|Any CPU
		{B293304B-BD9B-4EA7-841A-9965B8952AB9}.Debug|iPhoneSimulator.ActiveCfg = Debug|Any CPU
		{B293304B-BD9B-4EA7-841A-9965B8952AB9}.Debug|iPhoneSimulator.Build.0 = Debug|Any CPU
		{B293304B-BD9B-4EA7-841A-9965B8952AB9}.Release|Any CPU.ActiveCfg = Release|Any CPU
		{B293304B-BD9B-4EA7-841A-9965B8952AB9}.Release|Any CPU.Build.0 = Release|Any CPU
		{B293304B-BD9B-4EA7-841A-9965B8952AB9}.Release|iPhone.ActiveCfg = Release|Any CPU
		{B293304B-BD9B-4EA7-841A-9965B8952AB9}.Release|iPhone.Build.0 = Release|Any CPU
		{B293304B-BD9B-4EA7-841A-9965B8952AB9}.Release|iPhoneSimulator.ActiveCfg = Release|Any CPU
		{B293304B-BD9B-4EA7-841A-9965B8952AB9}.Release|iPhoneSimulator.Build.0 = Release|Any CPU
		{C00A12AB-1812-46C6-92E8-CF494239DDFD}.Ad-Hoc|iPhone.ActiveCfg = Release|Any CPU
		{C00A12AB-1812-46C6-92E8-CF494239DDFD}.Ad-Hoc|iPhone.Build.0 = Release|Any CPU
		{C00A12AB-1812-46C6-92E8-CF494239DDFD}.AppStore|iPhone.ActiveCfg = Release|Any CPU
		{C00A12AB-1812-46C6-92E8-CF494239DDFD}.AppStore|iPhone.Build.0 = Release|Any CPU
		{C00A12AB-1812-46C6-92E8-CF494239DDFD}.Debug|Any CPU.ActiveCfg = Debug|Any CPU
		{C00A12AB-1812-46C6-92E8-CF494239DDFD}.Debug|Any CPU.Build.0 = Debug|Any CPU
		{C00A12AB-1812-46C6-92E8-CF494239DDFD}.Debug|iPhone.ActiveCfg = Debug|Any CPU
		{C00A12AB-1812-46C6-92E8-CF494239DDFD}.Debug|iPhone.Build.0 = Debug|Any CPU
		{C00A12AB-1812-46C6-92E8-CF494239DDFD}.Debug|iPhoneSimulator.ActiveCfg = Debug|Any CPU
		{C00A12AB-1812-46C6-92E8-CF494239DDFD}.Debug|iPhoneSimulator.Build.0 = Debug|Any CPU
		{C00A12AB-1812-46C6-92E8-CF494239DDFD}.Release|Any CPU.ActiveCfg = Release|Any CPU
		{C00A12AB-1812-46C6-92E8-CF494239DDFD}.Release|Any CPU.Build.0 = Release|Any CPU
		{C00A12AB-1812-46C6-92E8-CF494239DDFD}.Release|iPhone.ActiveCfg = Release|Any CPU
		{C00A12AB-1812-46C6-92E8-CF494239DDFD}.Release|iPhone.Build.0 = Release|Any CPU
		{C00A12AB-1812-46C6-92E8-CF494239DDFD}.Release|iPhoneSimulator.ActiveCfg = Release|Any CPU
		{C00A12AB-1812-46C6-92E8-CF494239DDFD}.Release|iPhoneSimulator.Build.0 = Release|Any CPU
		{C79CA2A4-C1F6-450E-825A-F7AF00781356}.Ad-Hoc|iPhone.ActiveCfg = Ad-Hoc|iPhone
		{C79CA2A4-C1F6-450E-825A-F7AF00781356}.Ad-Hoc|iPhone.Build.0 = Ad-Hoc|iPhone
		{C79CA2A4-C1F6-450E-825A-F7AF00781356}.AppStore|iPhone.ActiveCfg = AppStore|iPhone
		{C79CA2A4-C1F6-450E-825A-F7AF00781356}.AppStore|iPhone.Build.0 = AppStore|iPhone
		{C79CA2A4-C1F6-450E-825A-F7AF00781356}.Debug|Any CPU.ActiveCfg = Debug|iPhoneSimulator
		{C79CA2A4-C1F6-450E-825A-F7AF00781356}.Debug|Any CPU.Build.0 = Debug|iPhoneSimulator
		{C79CA2A4-C1F6-450E-825A-F7AF00781356}.Debug|iPhone.ActiveCfg = Debug|iPhone
		{C79CA2A4-C1F6-450E-825A-F7AF00781356}.Debug|iPhone.Build.0 = Debug|iPhone
		{C79CA2A4-C1F6-450E-825A-F7AF00781356}.Debug|iPhoneSimulator.ActiveCfg = Debug|iPhoneSimulator
		{C79CA2A4-C1F6-450E-825A-F7AF00781356}.Debug|iPhoneSimulator.Build.0 = Debug|iPhoneSimulator
		{C79CA2A4-C1F6-450E-825A-F7AF00781356}.Release|Any CPU.ActiveCfg = Release|iPhoneSimulator
		{C79CA2A4-C1F6-450E-825A-F7AF00781356}.Release|Any CPU.Build.0 = Release|iPhoneSimulator
		{C79CA2A4-C1F6-450E-825A-F7AF00781356}.Release|iPhone.ActiveCfg = Release|iPhone
		{C79CA2A4-C1F6-450E-825A-F7AF00781356}.Release|iPhone.Build.0 = Release|iPhone
		{C79CA2A4-C1F6-450E-825A-F7AF00781356}.Release|iPhoneSimulator.ActiveCfg = Release|iPhoneSimulator
		{C79CA2A4-C1F6-450E-825A-F7AF00781356}.Release|iPhoneSimulator.Build.0 = Release|iPhoneSimulator
	EndGlobalSection
EndGlobal
