
Microsoft Visual Studio Solution File, Format Version 12.00
# Visual Studio 2012
VisualStudioVersion = 12.0.31101.0
MinimumVisualStudioVersion = 10.0.40219.1
Project("{FAE04EC0-301F-11D3-BF4B-00C04F79EFBC}") = "BrewMate", "BrewMate\BrewMate.csproj", "{0513F194-E81F-4998-ACF9-26D0AE5CC043}"
EndProject
Project("{FAE04EC0-301F-11D3-BF4B-00C04F79EFBC}") = "BrewMate.iOS", "iOS\BrewMate.iOS.csproj", "{C79CA2A4-C1F6-450E-825A-F7AF00781356}"
EndProject
Project("{FAE04EC0-301F-11D3-BF4B-00C04F79EFBC}") = "BrewMate.Android", "Android\BrewMate.Android.csproj", "{B293304B-BD9B-4EA7-841A-9965B8952AB9}"
EndProject
Project("{FAE04EC0-301F-11D3-BF4B-00C04F79EFBC}") = "BrewMate_TestProject", "BrewMate_TestProject\BrewMate_TestProject.csproj", "{C00A12AB-1812-46C6-92E8-CF494239DDFD}"
EndProject
Global
	GlobalSection(SolutionConfigurationPlatforms) = preSolution
		Ad-Hoc|Any CPU = Ad-Hoc|Any CPU
		Ad-Hoc|iPhone = Ad-Hoc|iPhone
		Ad-Hoc|iPhoneSimulator = Ad-Hoc|iPhoneSimulator
		Ad-Hoc|Mixed Platforms = Ad-Hoc|Mixed Platforms
		Android|Any CPU = Android|Any CPU
		Android|iPhone = Android|iPhone
		Android|iPhoneSimulator = Android|iPhoneSimulator
		Android|Mixed Platforms = Android|Mixed Platforms
		AppStore|Any CPU = AppStore|Any CPU
		AppStore|iPhone = AppStore|iPhone
		AppStore|iPhoneSimulator = AppStore|iPhoneSimulator
		AppStore|Mixed Platforms = AppStore|Mixed Platforms
		Debug|Any CPU = Debug|Any CPU
		Debug|iPhone = Debug|iPhone
		Debug|iPhoneSimulator = Debug|iPhoneSimulator
		Debug|Mixed Platforms = Debug|Mixed Platforms
		Release|Any CPU = Release|Any CPU
		Release|iPhone = Release|iPhone
		Release|iPhoneSimulator = Release|iPhoneSimulator
		Release|Mixed Platforms = Release|Mixed Platforms
	EndGlobalSection
	GlobalSection(ProjectConfigurationPlatforms) = postSolution
		{0513F194-E81F-4998-ACF9-26D0AE5CC043}.Ad-Hoc|Any CPU.ActiveCfg = Release|Any CPU
		{0513F194-E81F-4998-ACF9-26D0AE5CC043}.Ad-Hoc|Any CPU.Build.0 = Release|Any CPU
		{0513F194-E81F-4998-ACF9-26D0AE5CC043}.Ad-Hoc|iPhone.ActiveCfg = Debug|Any CPU
		{0513F194-E81F-4998-ACF9-26D0AE5CC043}.Ad-Hoc|iPhone.Build.0 = Debug|Any CPU
		{0513F194-E81F-4998-ACF9-26D0AE5CC043}.Ad-Hoc|iPhoneSimulator.ActiveCfg = Release|Any CPU
		{0513F194-E81F-4998-ACF9-26D0AE5CC043}.Ad-Hoc|Mixed Platforms.ActiveCfg = Release|Any CPU
		{0513F194-E81F-4998-ACF9-26D0AE5CC043}.Ad-Hoc|Mixed Platforms.Build.0 = Release|Any CPU
		{0513F194-E81F-4998-ACF9-26D0AE5CC043}.Android|Any CPU.ActiveCfg = Release|Any CPU
		{0513F194-E81F-4998-ACF9-26D0AE5CC043}.Android|Any CPU.Build.0 = Release|Any CPU
		{0513F194-E81F-4998-ACF9-26D0AE5CC043}.Android|iPhone.ActiveCfg = Release|Any CPU
		{0513F194-E81F-4998-ACF9-26D0AE5CC043}.Android|iPhoneSimulator.ActiveCfg = Release|Any CPU
		{0513F194-E81F-4998-ACF9-26D0AE5CC043}.Android|Mixed Platforms.ActiveCfg = Release|Any CPU
		{0513F194-E81F-4998-ACF9-26D0AE5CC043}.Android|Mixed Platforms.Build.0 = Release|Any CPU
		{0513F194-E81F-4998-ACF9-26D0AE5CC043}.AppStore|Any CPU.ActiveCfg = Release|Any CPU
		{0513F194-E81F-4998-ACF9-26D0AE5CC043}.AppStore|Any CPU.Build.0 = Release|Any CPU
		{0513F194-E81F-4998-ACF9-26D0AE5CC043}.AppStore|iPhone.ActiveCfg = Debug|Any CPU
		{0513F194-E81F-4998-ACF9-26D0AE5CC043}.AppStore|iPhone.Build.0 = Debug|Any CPU
		{0513F194-E81F-4998-ACF9-26D0AE5CC043}.AppStore|iPhoneSimulator.ActiveCfg = Release|Any CPU
		{0513F194-E81F-4998-ACF9-26D0AE5CC043}.AppStore|Mixed Platforms.ActiveCfg = Release|Any CPU
		{0513F194-E81F-4998-ACF9-26D0AE5CC043}.AppStore|Mixed Platforms.Build.0 = Release|Any CPU
		{0513F194-E81F-4998-ACF9-26D0AE5CC043}.Debug|Any CPU.ActiveCfg = Debug|Any CPU
		{0513F194-E81F-4998-ACF9-26D0AE5CC043}.Debug|Any CPU.Build.0 = Debug|Any CPU
		{0513F194-E81F-4998-ACF9-26D0AE5CC043}.Debug|iPhone.ActiveCfg = Debug|Any CPU
		{0513F194-E81F-4998-ACF9-26D0AE5CC043}.Debug|iPhone.Build.0 = Debug|Any CPU
		{0513F194-E81F-4998-ACF9-26D0AE5CC043}.Debug|iPhoneSimulator.ActiveCfg = Debug|Any CPU
		{0513F194-E81F-4998-ACF9-26D0AE5CC043}.Debug|iPhoneSimulator.Build.0 = Debug|Any CPU
		{0513F194-E81F-4998-ACF9-26D0AE5CC043}.Debug|Mixed Platforms.ActiveCfg = Debug|Any CPU
		{0513F194-E81F-4998-ACF9-26D0AE5CC043}.Debug|Mixed Platforms.Build.0 = Debug|Any CPU
		{0513F194-E81F-4998-ACF9-26D0AE5CC043}.Release|Any CPU.ActiveCfg = Release|Any CPU
		{0513F194-E81F-4998-ACF9-26D0AE5CC043}.Release|Any CPU.Build.0 = Release|Any CPU
		{0513F194-E81F-4998-ACF9-26D0AE5CC043}.Release|iPhone.ActiveCfg = Release|Any CPU
		{0513F194-E81F-4998-ACF9-26D0AE5CC043}.Release|iPhone.Build.0 = Release|Any CPU
		{0513F194-E81F-4998-ACF9-26D0AE5CC043}.Release|iPhoneSimulator.ActiveCfg = Release|Any CPU
		{0513F194-E81F-4998-ACF9-26D0AE5CC043}.Release|iPhoneSimulator.Build.0 = Release|Any CPU
		{0513F194-E81F-4998-ACF9-26D0AE5CC043}.Release|Mixed Platforms.ActiveCfg = Release|Any CPU
		{0513F194-E81F-4998-ACF9-26D0AE5CC043}.Release|Mixed Platforms.Build.0 = Release|Any CPU
		{B293304B-BD9B-4EA7-841A-9965B8952AB9}.Ad-Hoc|Any CPU.ActiveCfg = Release|Any CPU
		{B293304B-BD9B-4EA7-841A-9965B8952AB9}.Ad-Hoc|Any CPU.Build.0 = Release|Any CPU
		{B293304B-BD9B-4EA7-841A-9965B8952AB9}.Ad-Hoc|Any CPU.Deploy.0 = Release|Any CPU
		{B293304B-BD9B-4EA7-841A-9965B8952AB9}.Ad-Hoc|iPhone.ActiveCfg = Debug|Any CPU
		{B293304B-BD9B-4EA7-841A-9965B8952AB9}.Ad-Hoc|iPhone.Build.0 = Debug|Any CPU
		{B293304B-BD9B-4EA7-841A-9965B8952AB9}.Ad-Hoc|iPhoneSimulator.ActiveCfg = Release|Any CPU
		{B293304B-BD9B-4EA7-841A-9965B8952AB9}.Ad-Hoc|Mixed Platforms.ActiveCfg = Release|Any CPU
		{B293304B-BD9B-4EA7-841A-9965B8952AB9}.Ad-Hoc|Mixed Platforms.Build.0 = Release|Any CPU
		{B293304B-BD9B-4EA7-841A-9965B8952AB9}.Ad-Hoc|Mixed Platforms.Deploy.0 = Release|Any CPU
		{B293304B-BD9B-4EA7-841A-9965B8952AB9}.Android|Any CPU.ActiveCfg = Release|Any CPU
		{B293304B-BD9B-4EA7-841A-9965B8952AB9}.Android|Any CPU.Build.0 = Release|Any CPU
		{B293304B-BD9B-4EA7-841A-9965B8952AB9}.Android|Any CPU.Deploy.0 = Release|Any CPU
		{B293304B-BD9B-4EA7-841A-9965B8952AB9}.Android|iPhone.ActiveCfg = Release|Any CPU
		{B293304B-BD9B-4EA7-841A-9965B8952AB9}.Android|iPhoneSimulator.ActiveCfg = Release|Any CPU
		{B293304B-BD9B-4EA7-841A-9965B8952AB9}.Android|Mixed Platforms.ActiveCfg = Release|Any CPU
		{B293304B-BD9B-4EA7-841A-9965B8952AB9}.Android|Mixed Platforms.Build.0 = Release|Any CPU
		{B293304B-BD9B-4EA7-841A-9965B8952AB9}.Android|Mixed Platforms.Deploy.0 = Release|Any CPU
		{B293304B-BD9B-4EA7-841A-9965B8952AB9}.AppStore|Any CPU.ActiveCfg = Release|Any CPU
		{B293304B-BD9B-4EA7-841A-9965B8952AB9}.AppStore|Any CPU.Build.0 = Release|Any CPU
		{B293304B-BD9B-4EA7-841A-9965B8952AB9}.AppStore|Any CPU.Deploy.0 = Release|Any CPU
		{B293304B-BD9B-4EA7-841A-9965B8952AB9}.AppStore|iPhone.ActiveCfg = Debug|Any CPU
		{B293304B-BD9B-4EA7-841A-9965B8952AB9}.AppStore|iPhone.Build.0 = Debug|Any CPU
		{B293304B-BD9B-4EA7-841A-9965B8952AB9}.AppStore|iPhoneSimulator.ActiveCfg = Release|Any CPU
		{B293304B-BD9B-4EA7-841A-9965B8952AB9}.AppStore|Mixed Platforms.ActiveCfg = Release|Any CPU
		{B293304B-BD9B-4EA7-841A-9965B8952AB9}.AppStore|Mixed Platforms.Build.0 = Release|Any CPU
		{B293304B-BD9B-4EA7-841A-9965B8952AB9}.AppStore|Mixed Platforms.Deploy.0 = Release|Any CPU
		{B293304B-BD9B-4EA7-841A-9965B8952AB9}.Debug|Any CPU.ActiveCfg = Debug|Any CPU
		{B293304B-BD9B-4EA7-841A-9965B8952AB9}.Debug|Any CPU.Build.0 = Debug|Any CPU
		{B293304B-BD9B-4EA7-841A-9965B8952AB9}.Debug|iPhone.ActiveCfg = Debug|Any CPU
		{B293304B-BD9B-4EA7-841A-9965B8952AB9}.Debug|iPhoneSimulator.ActiveCfg = Debug|Any CPU
		{B293304B-BD9B-4EA7-841A-9965B8952AB9}.Debug|iPhoneSimulator.Build.0 = Debug|Any CPU
		{B293304B-BD9B-4EA7-841A-9965B8952AB9}.Debug|Mixed Platforms.ActiveCfg = Debug|Any CPU
		{B293304B-BD9B-4EA7-841A-9965B8952AB9}.Debug|Mixed Platforms.Build.0 = Debug|Any CPU
		{B293304B-BD9B-4EA7-841A-9965B8952AB9}.Debug|Mixed Platforms.Deploy.0 = Debug|Any CPU
		{B293304B-BD9B-4EA7-841A-9965B8952AB9}.Release|Any CPU.ActiveCfg = Release|Any CPU
		{B293304B-BD9B-4EA7-841A-9965B8952AB9}.Release|Any CPU.Build.0 = Release|Any CPU
		{B293304B-BD9B-4EA7-841A-9965B8952AB9}.Release|iPhone.ActiveCfg = Release|Any CPU
		{B293304B-BD9B-4EA7-841A-9965B8952AB9}.Release|iPhone.Build.0 = Release|Any CPU
		{B293304B-BD9B-4EA7-841A-9965B8952AB9}.Release|iPhoneSimulator.ActiveCfg = Release|Any CPU
		{B293304B-BD9B-4EA7-841A-9965B8952AB9}.Release|iPhoneSimulator.Build.0 = Release|Any CPU
		{B293304B-BD9B-4EA7-841A-9965B8952AB9}.Release|Mixed Platforms.ActiveCfg = Release|Any CPU
		{B293304B-BD9B-4EA7-841A-9965B8952AB9}.Release|Mixed Platforms.Build.0 = Release|Any CPU
		{B293304B-BD9B-4EA7-841A-9965B8952AB9}.Release|Mixed Platforms.Deploy.0 = Release|Any CPU
		{C00A12AB-1812-46C6-92E8-CF494239DDFD}.Ad-Hoc|Any CPU.ActiveCfg = Debug|Any CPU
		{C00A12AB-1812-46C6-92E8-CF494239DDFD}.Ad-Hoc|Any CPU.Build.0 = Debug|Any CPU
		{C00A12AB-1812-46C6-92E8-CF494239DDFD}.Ad-Hoc|iPhone.ActiveCfg = Release|Any CPU
		{C00A12AB-1812-46C6-92E8-CF494239DDFD}.Ad-Hoc|iPhone.Build.0 = Release|Any CPU
		{C00A12AB-1812-46C6-92E8-CF494239DDFD}.Ad-Hoc|iPhoneSimulator.ActiveCfg = Debug|Any CPU
		{C00A12AB-1812-46C6-92E8-CF494239DDFD}.Ad-Hoc|Mixed Platforms.ActiveCfg = Debug|Any CPU
		{C00A12AB-1812-46C6-92E8-CF494239DDFD}.Ad-Hoc|Mixed Platforms.Build.0 = Debug|Any CPU
		{C00A12AB-1812-46C6-92E8-CF494239DDFD}.Android|Any CPU.ActiveCfg = Debug|Any CPU
		{C00A12AB-1812-46C6-92E8-CF494239DDFD}.Android|Any CPU.Build.0 = Debug|Any CPU
		{C00A12AB-1812-46C6-92E8-CF494239DDFD}.Android|iPhone.ActiveCfg = Debug|Any CPU
		{C00A12AB-1812-46C6-92E8-CF494239DDFD}.Android|iPhoneSimulator.ActiveCfg = Debug|Any CPU
		{C00A12AB-1812-46C6-92E8-CF494239DDFD}.Android|Mixed Platforms.ActiveCfg = Debug|Any CPU
		{C00A12AB-1812-46C6-92E8-CF494239DDFD}.Android|Mixed Platforms.Build.0 = Debug|Any CPU
		{C00A12AB-1812-46C6-92E8-CF494239DDFD}.AppStore|Any CPU.ActiveCfg = Debug|Any CPU
		{C00A12AB-1812-46C6-92E8-CF494239DDFD}.AppStore|Any CPU.Build.0 = Debug|Any CPU
		{C00A12AB-1812-46C6-92E8-CF494239DDFD}.AppStore|iPhone.ActiveCfg = Release|Any CPU
		{C00A12AB-1812-46C6-92E8-CF494239DDFD}.AppStore|iPhone.Build.0 = Release|Any CPU
		{C00A12AB-1812-46C6-92E8-CF494239DDFD}.AppStore|iPhoneSimulator.ActiveCfg = Debug|Any CPU
		{C00A12AB-1812-46C6-92E8-CF494239DDFD}.AppStore|Mixed Platforms.ActiveCfg = Debug|Any CPU
		{C00A12AB-1812-46C6-92E8-CF494239DDFD}.AppStore|Mixed Platforms.Build.0 = Debug|Any CPU
		{C00A12AB-1812-46C6-92E8-CF494239DDFD}.Debug|Any CPU.ActiveCfg = Debug|Any CPU
		{C00A12AB-1812-46C6-92E8-CF494239DDFD}.Debug|Any CPU.Build.0 = Debug|Any CPU
		{C00A12AB-1812-46C6-92E8-CF494239DDFD}.Debug|iPhone.ActiveCfg = Debug|Any CPU
		{C00A12AB-1812-46C6-92E8-CF494239DDFD}.Debug|iPhoneSimulator.ActiveCfg = Debug|Any CPU
		{C00A12AB-1812-46C6-92E8-CF494239DDFD}.Debug|iPhoneSimulator.Build.0 = Debug|Any CPU
		{C00A12AB-1812-46C6-92E8-CF494239DDFD}.Debug|Mixed Platforms.ActiveCfg = Debug|Any CPU
		{C00A12AB-1812-46C6-92E8-CF494239DDFD}.Debug|Mixed Platforms.Build.0 = Debug|Any CPU
		{C00A12AB-1812-46C6-92E8-CF494239DDFD}.Release|Any CPU.ActiveCfg = Release|Any CPU
		{C00A12AB-1812-46C6-92E8-CF494239DDFD}.Release|Any CPU.Build.0 = Release|Any CPU
		{C00A12AB-1812-46C6-92E8-CF494239DDFD}.Release|iPhone.ActiveCfg = Release|Any CPU
		{C00A12AB-1812-46C6-92E8-CF494239DDFD}.Release|iPhone.Build.0 = Release|Any CPU
		{C00A12AB-1812-46C6-92E8-CF494239DDFD}.Release|iPhoneSimulator.ActiveCfg = Release|Any CPU
		{C00A12AB-1812-46C6-92E8-CF494239DDFD}.Release|iPhoneSimulator.Build.0 = Release|Any CPU
		{C00A12AB-1812-46C6-92E8-CF494239DDFD}.Release|Mixed Platforms.ActiveCfg = Release|Any CPU
		{C00A12AB-1812-46C6-92E8-CF494239DDFD}.Release|Mixed Platforms.Build.0 = Release|Any CPU
		{C79CA2A4-C1F6-450E-825A-F7AF00781356}.Ad-Hoc|Any CPU.ActiveCfg = Ad-Hoc|iPhoneSimulator
		{C79CA2A4-C1F6-450E-825A-F7AF00781356}.Ad-Hoc|iPhone.ActiveCfg = Ad-Hoc|iPhone
		{C79CA2A4-C1F6-450E-825A-F7AF00781356}.Ad-Hoc|iPhone.Build.0 = Ad-Hoc|iPhone
		{C79CA2A4-C1F6-450E-825A-F7AF00781356}.Ad-Hoc|iPhoneSimulator.ActiveCfg = Ad-Hoc|iPhoneSimulator
		{C79CA2A4-C1F6-450E-825A-F7AF00781356}.Ad-Hoc|iPhoneSimulator.Build.0 = Ad-Hoc|iPhoneSimulator
		{C79CA2A4-C1F6-450E-825A-F7AF00781356}.Ad-Hoc|Mixed Platforms.ActiveCfg = Ad-Hoc|iPhoneSimulator
		{C79CA2A4-C1F6-450E-825A-F7AF00781356}.Ad-Hoc|Mixed Platforms.Build.0 = Ad-Hoc|iPhoneSimulator
		{C79CA2A4-C1F6-450E-825A-F7AF00781356}.Android|Any CPU.ActiveCfg = AppStore|iPhoneSimulator
		{C79CA2A4-C1F6-450E-825A-F7AF00781356}.Android|iPhone.ActiveCfg = AppStore|iPhone
		{C79CA2A4-C1F6-450E-825A-F7AF00781356}.Android|iPhone.Build.0 = AppStore|iPhone
		{C79CA2A4-C1F6-450E-825A-F7AF00781356}.Android|iPhoneSimulator.ActiveCfg = AppStore|iPhoneSimulator
		{C79CA2A4-C1F6-450E-825A-F7AF00781356}.Android|iPhoneSimulator.Build.0 = AppStore|iPhoneSimulator
		{C79CA2A4-C1F6-450E-825A-F7AF00781356}.Android|Mixed Platforms.ActiveCfg = AppStore|iPhoneSimulator
		{C79CA2A4-C1F6-450E-825A-F7AF00781356}.Android|Mixed Platforms.Build.0 = AppStore|iPhoneSimulator
		{C79CA2A4-C1F6-450E-825A-F7AF00781356}.AppStore|Any CPU.ActiveCfg = AppStore|iPhoneSimulator
		{C79CA2A4-C1F6-450E-825A-F7AF00781356}.AppStore|iPhone.ActiveCfg = AppStore|iPhone
		{C79CA2A4-C1F6-450E-825A-F7AF00781356}.AppStore|iPhone.Build.0 = AppStore|iPhone
		{C79CA2A4-C1F6-450E-825A-F7AF00781356}.AppStore|iPhoneSimulator.ActiveCfg = AppStore|iPhoneSimulator
		{C79CA2A4-C1F6-450E-825A-F7AF00781356}.AppStore|iPhoneSimulator.Build.0 = AppStore|iPhoneSimulator
		{C79CA2A4-C1F6-450E-825A-F7AF00781356}.AppStore|Mixed Platforms.ActiveCfg = AppStore|iPhoneSimulator
		{C79CA2A4-C1F6-450E-825A-F7AF00781356}.AppStore|Mixed Platforms.Build.0 = AppStore|iPhoneSimulator
		{C79CA2A4-C1F6-450E-825A-F7AF00781356}.Debug|Any CPU.ActiveCfg = Debug|iPhoneSimulator
		{C79CA2A4-C1F6-450E-825A-F7AF00781356}.Debug|Any CPU.Build.0 = Debug|iPhoneSimulator
		{C79CA2A4-C1F6-450E-825A-F7AF00781356}.Debug|iPhone.ActiveCfg = Debug|iPhone
		{C79CA2A4-C1F6-450E-825A-F7AF00781356}.Debug|iPhone.Build.0 = Debug|iPhone
		{C79CA2A4-C1F6-450E-825A-F7AF00781356}.Debug|iPhoneSimulator.ActiveCfg = Debug|iPhoneSimulator
		{C79CA2A4-C1F6-450E-825A-F7AF00781356}.Debug|iPhoneSimulator.Build.0 = Debug|iPhoneSimulator
		{C79CA2A4-C1F6-450E-825A-F7AF00781356}.Debug|Mixed Platforms.ActiveCfg = Debug|iPhone
		{C79CA2A4-C1F6-450E-825A-F7AF00781356}.Debug|Mixed Platforms.Build.0 = Debug|iPhone
		{C79CA2A4-C1F6-450E-825A-F7AF00781356}.Release|Any CPU.ActiveCfg = Release|iPhoneSimulator
		{C79CA2A4-C1F6-450E-825A-F7AF00781356}.Release|Any CPU.Build.0 = Release|iPhoneSimulator
		{C79CA2A4-C1F6-450E-825A-F7AF00781356}.Release|iPhone.ActiveCfg = Release|iPhone
		{C79CA2A4-C1F6-450E-825A-F7AF00781356}.Release|iPhone.Build.0 = Release|iPhone
		{C79CA2A4-C1F6-450E-825A-F7AF00781356}.Release|iPhoneSimulator.ActiveCfg = Release|iPhoneSimulator
		{C79CA2A4-C1F6-450E-825A-F7AF00781356}.Release|iPhoneSimulator.Build.0 = Release|iPhoneSimulator
		{C79CA2A4-C1F6-450E-825A-F7AF00781356}.Release|Mixed Platforms.ActiveCfg = Release|iPhone
		{C79CA2A4-C1F6-450E-825A-F7AF00781356}.Release|Mixed Platforms.Build.0 = Release|iPhone
	EndGlobalSection
	GlobalSection(SolutionProperties) = preSolution
		HideSolutionNode = FALSE
	EndGlobalSection
EndGlobal
